
Microsoft Visual Studio Solution File, Format Version 11.00
# Visual Studio 2010
Project("{FAE04EC0-301F-11D3-BF4B-00C04F79EFBC}") = "Assembly-CSharp", "Assembly-CSharp.csproj", "{31be0ec4-4dfe-26dd-75c4-4a468a9226ff}"
EndProject
Global
	GlobalSection(SolutionConfigurationPlatforms) = preSolution
		Debug|Any CPU = Debug|Any CPU
		Release|Any CPU = Release|Any CPU
	EndGlobalSection
	GlobalSection(ProjectConfigurationPlatforms) = postSolution
		{31be0ec4-4dfe-26dd-75c4-4a468a9226ff}.Debug|Any CPU.ActiveCfg = Debug|Any CPU
		{31be0ec4-4dfe-26dd-75c4-4a468a9226ff}.Debug|Any CPU.Build.0 = Debug|Any CPU
		{31be0ec4-4dfe-26dd-75c4-4a468a9226ff}.Release|Any CPU.ActiveCfg = Release|Any CPU
		{31be0ec4-4dfe-26dd-75c4-4a468a9226ff}.Release|Any CPU.Build.0 = Release|Any CPU
	EndGlobalSection
	GlobalSection(SolutionProperties) = preSolution
		HideSolutionNode = FALSE
	EndGlobalSection
EndGlobal
